
Microsoft Visual Studio Solution File, Format Version 12.00
# Visual Studio Version 17
VisualStudioVersion = 17.12.35514.174 d17.12
MinimumVisualStudioVersion = 10.0.40219.1
Project("{FAE04EC0-301F-11D3-BF4B-00C04F79EFBC}") = "Test1Avalonia", "Test1Avalonia.csproj", "{8999290C-EB42-4866-9048-525A29CA9CAE}"
EndProject
Global
	GlobalSection(SolutionConfigurationPlatforms) = preSolution
		Debug|Any CPU = Debug|Any CPU
		Release|Any CPU = Release|Any CPU
	EndGlobalSection
	GlobalSection(ProjectConfigurationPlatforms) = postSolution
		{8999290C-EB42-4866-9048-525A29CA9CAE}.Debug|Any CPU.ActiveCfg = Debug|Any CPU
		{8999290C-EB42-4866-9048-525A29CA9CAE}.Debug|Any CPU.Build.0 = Debug|Any CPU
		{8999290C-EB42-4866-9048-525A29CA9CAE}.Release|Any CPU.ActiveCfg = Release|Any CPU
		{8999290C-EB42-4866-9048-525A29CA9CAE}.Release|Any CPU.Build.0 = Release|Any CPU
	EndGlobalSection
	GlobalSection(SolutionProperties) = preSolution
		HideSolutionNode = FALSE
	EndGlobalSection
EndGlobal
